
Microsoft Visual Studio Solution File, Format Version 12.00
# Visual Studio Version 17
VisualStudioVersion = 17.14.36414.22 d17.14
MinimumVisualStudioVersion = 10.0.40219.1
Project("{FAE04EC0-301F-11D3-BF4B-00C04F79EFBC}") = "WebApplication1", "WebApplication1\WebApplication1.csproj", "{90BFD26B-429B-40C2-8322-4B68DF64A468}"
EndProject
Global
	GlobalSection(SolutionConfigurationPlatforms) = preSolution
		Debug|Any CPU = Debug|Any CPU
		Release|Any CPU = Release|Any CPU
	EndGlobalSection
	GlobalSection(ProjectConfigurationPlatforms) = postSolution
		{90BFD26B-429B-40C2-8322-4B68DF64A468}.Debug|Any CPU.ActiveCfg = Debug|Any CPU
		{90BFD26B-429B-40C2-8322-4B68DF64A468}.Debug|Any CPU.Build.0 = Debug|Any CPU
		{90BFD26B-429B-40C2-8322-4B68DF64A468}.Release|Any CPU.ActiveCfg = Release|Any CPU
		{90BFD26B-429B-40C2-8322-4B68DF64A468}.Release|Any CPU.Build.0 = Release|Any CPU
	EndGlobalSection
	GlobalSection(SolutionProperties) = preSolution
		HideSolutionNode = FALSE
	EndGlobalSection
	GlobalSection(ExtensibilityGlobals) = postSolution
		SolutionGuid = {98B0775D-A991-43AF-9E9A-9D6DB7E77F7B}
	EndGlobalSection
EndGlobal
